
Microsoft Visual Studio Solution File, Format Version 12.00
Project("{FAE04EC0-301F-11D3-BF4B-00C04F79EFBC}") = "AutoMapperBenchmarking", "AutoMapperBenchmarking\AutoMapperBenchmarking.csproj", "{05217020-47A9-4041-B9F5-B71C1BFDD67C}"
EndProject
Global
	GlobalSection(SolutionConfigurationPlatforms) = preSolution
		Debug|Any CPU = Debug|Any CPU
		Release|Any CPU = Release|Any CPU
	EndGlobalSection
	GlobalSection(ProjectConfigurationPlatforms) = postSolution
		{05217020-47A9-4041-B9F5-B71C1BFDD67C}.Debug|Any CPU.ActiveCfg = Debug|Any CPU
		{05217020-47A9-4041-B9F5-B71C1BFDD67C}.Debug|Any CPU.Build.0 = Debug|Any CPU
		{05217020-47A9-4041-B9F5-B71C1BFDD67C}.Release|Any CPU.ActiveCfg = Release|Any CPU
		{05217020-47A9-4041-B9F5-B71C1BFDD67C}.Release|Any CPU.Build.0 = Release|Any CPU
	EndGlobalSection
EndGlobal
